
Microsoft Visual Studio Solution File, Format Version 12.00
# Visual Studio Version 16
VisualStudioVersion = 16.0.30330.147
MinimumVisualStudioVersion = 15.0.26124.0
Project("{9A19103F-16F7-4668-BE54-9A1E7A4F7556}") = "AlfredoRevillaRoniAdaTest1", "src\AlfredoRevillaRoniAdaTest1\AlfredoRevillaRoniAdaTest1.csproj", "{18A04F72-5C63-4330-9A6B-4279C50AFED3}"
EndProject
Project("{9A19103F-16F7-4668-BE54-9A1E7A4F7556}") = "AlfredoRevillaRoniAdaTest1.Core", "src\AlfredoRevillaRoniAdaTest1.Core\AlfredoRevillaRoniAdaTest1.Core.csproj", "{6168A92C-6DC3-404E-99E9-E5C4259B873F}"
EndProject
Project("{9A19103F-16F7-4668-BE54-9A1E7A4F7556}") = "AlfredoRevillaRoniAdaTest1.Ef", "src\AlfredoRevillaRoniAdaTest1.Ef\AlfredoRevillaRoniAdaTest1.Ef.csproj", "{AF5D8BB3-F9AA-450F-A5F5-A43798183F98}"
EndProject
Project("{9A19103F-16F7-4668-BE54-9A1E7A4F7556}") = "AlfredoRevillaRoniAdaTest1.Tests", "src\AlfredoRevillaRoniAdaTest1.Tests\AlfredoRevillaRoniAdaTest1.Tests.csproj", "{8B2E21F8-286F-4747-B772-DB6E5AF63A15}"
EndProject
Project("{9A19103F-16F7-4668-BE54-9A1E7A4F7556}") = "AlfredoRevillaRoniAdaTest1.Core.Tests", "src\AlfredoRevillaRoniAdaTest1.Core.Tests\AlfredoRevillaRoniAdaTest1.Core.Tests.csproj", "{145DBC57-5B32-45B9-9FC5-21F893229D85}"
EndProject
Project("{9A19103F-16F7-4668-BE54-9A1E7A4F7556}") = "AlfredoRevillaRoniAdaTest1.Ef.Tests", "src\AlfredoRevillaRoniAdaTest1.Ef.Tests\AlfredoRevillaRoniAdaTest1.Ef.Tests.csproj", "{6C68E685-10B0-4C54-9983-97042E4DBD29}"
EndProject
Project("{2150E333-8FDC-42A3-9474-1A3956D46DE8}") = "Solution Items", "Solution Items", "{44629583-984B-4BF2-8DA4-823D815C1E90}"
	ProjectSection(SolutionItems) = preProject
		DemoDBScriptQuery.sql = DemoDBScriptQuery.sql
		LICENSE = LICENSE
		README.md = README.md
	EndProjectSection
EndProject
Global
	GlobalSection(SolutionConfigurationPlatforms) = preSolution
		Debug|Any CPU = Debug|Any CPU
		Debug|x64 = Debug|x64
		Debug|x86 = Debug|x86
		Release|Any CPU = Release|Any CPU
		Release|x64 = Release|x64
		Release|x86 = Release|x86
	EndGlobalSection
	GlobalSection(ProjectConfigurationPlatforms) = postSolution
		{18A04F72-5C63-4330-9A6B-4279C50AFED3}.Debug|Any CPU.ActiveCfg = Debug|Any CPU
		{18A04F72-5C63-4330-9A6B-4279C50AFED3}.Debug|Any CPU.Build.0 = Debug|Any CPU
		{18A04F72-5C63-4330-9A6B-4279C50AFED3}.Debug|x64.ActiveCfg = Debug|Any CPU
		{18A04F72-5C63-4330-9A6B-4279C50AFED3}.Debug|x64.Build.0 = Debug|Any CPU
		{18A04F72-5C63-4330-9A6B-4279C50AFED3}.Debug|x86.ActiveCfg = Debug|Any CPU
		{18A04F72-5C63-4330-9A6B-4279C50AFED3}.Debug|x86.Build.0 = Debug|Any CPU
		{18A04F72-5C63-4330-9A6B-4279C50AFED3}.Release|Any CPU.ActiveCfg = Release|Any CPU
		{18A04F72-5C63-4330-9A6B-4279C50AFED3}.Release|Any CPU.Build.0 = Release|Any CPU
		{18A04F72-5C63-4330-9A6B-4279C50AFED3}.Release|x64.ActiveCfg = Release|Any CPU
		{18A04F72-5C63-4330-9A6B-4279C50AFED3}.Release|x64.Build.0 = Release|Any CPU
		{18A04F72-5C63-4330-9A6B-4279C50AFED3}.Release|x86.ActiveCfg = Release|Any CPU
		{18A04F72-5C63-4330-9A6B-4279C50AFED3}.Release|x86.Build.0 = Release|Any CPU
		{6168A92C-6DC3-404E-99E9-E5C4259B873F}.Debug|Any CPU.ActiveCfg = Debug|Any CPU
		{6168A92C-6DC3-404E-99E9-E5C4259B873F}.Debug|Any CPU.Build.0 = Debug|Any CPU
		{6168A92C-6DC3-404E-99E9-E5C4259B873F}.Debug|x64.ActiveCfg = Debug|Any CPU
		{6168A92C-6DC3-404E-99E9-E5C4259B873F}.Debug|x64.Build.0 = Debug|Any CPU
		{6168A92C-6DC3-404E-99E9-E5C4259B873F}.Debug|x86.ActiveCfg = Debug|Any CPU
		{6168A92C-6DC3-404E-99E9-E5C4259B873F}.Debug|x86.Build.0 = Debug|Any CPU
		{6168A92C-6DC3-404E-99E9-E5C4259B873F}.Release|Any CPU.ActiveCfg = Release|Any CPU
		{6168A92C-6DC3-404E-99E9-E5C4259B873F}.Release|Any CPU.Build.0 = Release|Any CPU
		{6168A92C-6DC3-404E-99E9-E5C4259B873F}.Release|x64.ActiveCfg = Release|Any CPU
		{6168A92C-6DC3-404E-99E9-E5C4259B873F}.Release|x64.Build.0 = Release|Any CPU
		{6168A92C-6DC3-404E-99E9-E5C4259B873F}.Release|x86.ActiveCfg = Release|Any CPU
		{6168A92C-6DC3-404E-99E9-E5C4259B873F}.Release|x86.Build.0 = Release|Any CPU
		{AF5D8BB3-F9AA-450F-A5F5-A43798183F98}.Debug|Any CPU.ActiveCfg = Debug|Any CPU
		{AF5D8BB3-F9AA-450F-A5F5-A43798183F98}.Debug|Any CPU.Build.0 = Debug|Any CPU
		{AF5D8BB3-F9AA-450F-A5F5-A43798183F98}.Debug|x64.ActiveCfg = Debug|Any CPU
		{AF5D8BB3-F9AA-450F-A5F5-A43798183F98}.Debug|x64.Build.0 = Debug|Any CPU
		{AF5D8BB3-F9AA-450F-A5F5-A43798183F98}.Debug|x86.ActiveCfg = Debug|Any CPU
		{AF5D8BB3-F9AA-450F-A5F5-A43798183F98}.Debug|x86.Build.0 = Debug|Any CPU
		{AF5D8BB3-F9AA-450F-A5F5-A43798183F98}.Release|Any CPU.ActiveCfg = Release|Any CPU
		{AF5D8BB3-F9AA-450F-A5F5-A43798183F98}.Release|Any CPU.Build.0 = Release|Any CPU
		{AF5D8BB3-F9AA-450F-A5F5-A43798183F98}.Release|x64.ActiveCfg = Release|Any CPU
		{AF5D8BB3-F9AA-450F-A5F5-A43798183F98}.Release|x64.Build.0 = Release|Any CPU
		{AF5D8BB3-F9AA-450F-A5F5-A43798183F98}.Release|x86.ActiveCfg = Release|Any CPU
		{AF5D8BB3-F9AA-450F-A5F5-A43798183F98}.Release|x86.Build.0 = Release|Any CPU
		{8B2E21F8-286F-4747-B772-DB6E5AF63A15}.Debug|Any CPU.ActiveCfg = Debug|Any CPU
		{8B2E21F8-286F-4747-B772-DB6E5AF63A15}.Debug|Any CPU.Build.0 = Debug|Any CPU
		{8B2E21F8-286F-4747-B772-DB6E5AF63A15}.Debug|x64.ActiveCfg = Debug|Any CPU
		{8B2E21F8-286F-4747-B772-DB6E5AF63A15}.Debug|x64.Build.0 = Debug|Any CPU
		{8B2E21F8-286F-4747-B772-DB6E5AF63A15}.Debug|x86.ActiveCfg = Debug|Any CPU
		{8B2E21F8-286F-4747-B772-DB6E5AF63A15}.Debug|x86.Build.0 = Debug|Any CPU
		{8B2E21F8-286F-4747-B772-DB6E5AF63A15}.Release|Any CPU.ActiveCfg = Release|Any CPU
		{8B2E21F8-286F-4747-B772-DB6E5AF63A15}.Release|Any CPU.Build.0 = Release|Any CPU
		{8B2E21F8-286F-4747-B772-DB6E5AF63A15}.Release|x64.ActiveCfg = Release|Any CPU
		{8B2E21F8-286F-4747-B772-DB6E5AF63A15}.Release|x64.Build.0 = Release|Any CPU
		{8B2E21F8-286F-4747-B772-DB6E5AF63A15}.Release|x86.ActiveCfg = Release|Any CPU
		{8B2E21F8-286F-4747-B772-DB6E5AF63A15}.Release|x86.Build.0 = Release|Any CPU
		{145DBC57-5B32-45B9-9FC5-21F893229D85}.Debug|Any CPU.ActiveCfg = Debug|Any CPU
		{145DBC57-5B32-45B9-9FC5-21F893229D85}.Debug|Any CPU.Build.0 = Debug|Any CPU
		{145DBC57-5B32-45B9-9FC5-21F893229D85}.Debug|x64.ActiveCfg = Debug|Any CPU
		{145DBC57-5B32-45B9-9FC5-21F893229D85}.Debug|x64.Build.0 = Debug|Any CPU
		{145DBC57-5B32-45B9-9FC5-21F893229D85}.Debug|x86.ActiveCfg = Debug|Any CPU
		{145DBC57-5B32-45B9-9FC5-21F893229D85}.Debug|x86.Build.0 = Debug|Any CPU
		{145DBC57-5B32-45B9-9FC5-21F893229D85}.Release|Any CPU.ActiveCfg = Release|Any CPU
		{145DBC57-5B32-45B9-9FC5-21F893229D85}.Release|Any CPU.Build.0 = Release|Any CPU
		{145DBC57-5B32-45B9-9FC5-21F893229D85}.Release|x64.ActiveCfg = Release|Any CPU
		{145DBC57-5B32-45B9-9FC5-21F893229D85}.Release|x64.Build.0 = Release|Any CPU
		{145DBC57-5B32-45B9-9FC5-21F893229D85}.Release|x86.ActiveCfg = Release|Any CPU
		{145DBC57-5B32-45B9-9FC5-21F893229D85}.Release|x86.Build.0 = Release|Any CPU
		{6C68E685-10B0-4C54-9983-97042E4DBD29}.Debug|Any CPU.ActiveCfg = Debug|Any CPU
		{6C68E685-10B0-4C54-9983-97042E4DBD29}.Debug|Any CPU.Build.0 = Debug|Any CPU
		{6C68E685-10B0-4C54-9983-97042E4DBD29}.Debug|x64.ActiveCfg = Debug|Any CPU
		{6C68E685-10B0-4C54-9983-97042E4DBD29}.Debug|x64.Build.0 = Debug|Any CPU
		{6C68E685-10B0-4C54-9983-97042E4DBD29}.Debug|x86.ActiveCfg = Debug|Any CPU
		{6C68E685-10B0-4C54-9983-97042E4DBD29}.Debug|x86.Build.0 = Debug|Any CPU
		{6C68E685-10B0-4C54-9983-97042E4DBD29}.Release|Any CPU.ActiveCfg = Release|Any CPU
		{6C68E685-10B0-4C54-9983-97042E4DBD29}.Release|Any CPU.Build.0 = Release|Any CPU
		{6C68E685-10B0-4C54-9983-97042E4DBD29}.Release|x64.ActiveCfg = Release|Any CPU
		{6C68E685-10B0-4C54-9983-97042E4DBD29}.Release|x64.Build.0 = Release|Any CPU
		{6C68E685-10B0-4C54-9983-97042E4DBD29}.Release|x86.ActiveCfg = Release|Any CPU
		{6C68E685-10B0-4C54-9983-97042E4DBD29}.Release|x86.Build.0 = Release|Any CPU
	EndGlobalSection
	GlobalSection(SolutionProperties) = preSolution
		HideSolutionNode = FALSE
	EndGlobalSection
	GlobalSection(ExtensibilityGlobals) = postSolution
		SolutionGuid = {117ED3E5-97E4-4FC4-9E6E-9CE11228D18A}
	EndGlobalSection
EndGlobal
